
Microsoft Visual Studio Solution File, Format Version 12.00
# Visual Studio Version 17
VisualStudioVersion = 17.14.36301.6
MinimumVisualStudioVersion = 10.0.40219.1
Project("{2150E333-8FDC-42A3-9474-1A3956D46DE8}") = "Cadastros", "Cadastros", "{02EA681E-C7D8-13C7-8484-4AC65E1B71E8}"
EndProject
Project("{2150E333-8FDC-42A3-9474-1A3956D46DE8}") = "Catalogo", "Catalogo", "{B77F16A1-562D-47B0-A0E6-C2253ACA2397}"
EndProject
Project("{2150E333-8FDC-42A3-9474-1A3956D46DE8}") = "Core", "Core", "{27D7DED4-0D2D-4CDD-BCFA-098F4A197EB5}"
EndProject
Project("{2150E333-8FDC-42A3-9474-1A3956D46DE8}") = "Fiscal", "Fiscal", "{3DBFE66E-1F3C-4A75-9540-89B7F90793FA}"
EndProject
Project("{2150E333-8FDC-42A3-9474-1A3956D46DE8}") = "Services", "Services", "{C6110BA1-3E6B-48CF-8147-A4FB79ACE3F9}"
EndProject
Project("{2150E333-8FDC-42A3-9474-1A3956D46DE8}") = "WebApps", "WebApps", "{5EB4A702-31C9-4681-A430-60F1DD27F70C}"
EndProject
Project("{2150E333-8FDC-42A3-9474-1A3956D46DE8}") = "Vendas", "Vendas", "{30083CB8-645B-4762-88B2-F0EEC5DB760F}"
EndProject
Project("{2150E333-8FDC-42A3-9474-1A3956D46DE8}") = "Pagamentos", "Pagamentos", "{32907799-9114-4BBD-AFEB-7A0A360EEBDD}"
EndProject
Project("{FAE04EC0-301F-11D3-BF4B-00C04F79EFBC}") = "NerdStore.Catalogo.Domain", "src\NerdStore.Catalogo.Domain\NerdStore.Catalogo.Domain.csproj", "{12908EE4-E425-4837-89E8-7FBD22620CE7}"
EndProject
Project("{FAE04EC0-301F-11D3-BF4B-00C04F79EFBC}") = "NerdStore.Core", "src\NerdStore.Core\NerdStore.Core.csproj", "{1AB5C54F-D496-4FE5-88AA-50A23FF7FD14}"
EndProject
Global
	GlobalSection(SolutionConfigurationPlatforms) = preSolution
		Debug|Any CPU = Debug|Any CPU
		Release|Any CPU = Release|Any CPU
	EndGlobalSection
	GlobalSection(ProjectConfigurationPlatforms) = postSolution
		{12908EE4-E425-4837-89E8-7FBD22620CE7}.Debug|Any CPU.ActiveCfg = Debug|Any CPU
		{12908EE4-E425-4837-89E8-7FBD22620CE7}.Debug|Any CPU.Build.0 = Debug|Any CPU
		{12908EE4-E425-4837-89E8-7FBD22620CE7}.Release|Any CPU.ActiveCfg = Release|Any CPU
		{12908EE4-E425-4837-89E8-7FBD22620CE7}.Release|Any CPU.Build.0 = Release|Any CPU
		{1AB5C54F-D496-4FE5-88AA-50A23FF7FD14}.Debug|Any CPU.ActiveCfg = Debug|Any CPU
		{1AB5C54F-D496-4FE5-88AA-50A23FF7FD14}.Debug|Any CPU.Build.0 = Debug|Any CPU
		{1AB5C54F-D496-4FE5-88AA-50A23FF7FD14}.Release|Any CPU.ActiveCfg = Release|Any CPU
		{1AB5C54F-D496-4FE5-88AA-50A23FF7FD14}.Release|Any CPU.Build.0 = Release|Any CPU
	EndGlobalSection
	GlobalSection(SolutionProperties) = preSolution
		HideSolutionNode = FALSE
	EndGlobalSection
	GlobalSection(NestedProjects) = preSolution
		{02EA681E-C7D8-13C7-8484-4AC65E1B71E8} = {C6110BA1-3E6B-48CF-8147-A4FB79ACE3F9}
		{B77F16A1-562D-47B0-A0E6-C2253ACA2397} = {C6110BA1-3E6B-48CF-8147-A4FB79ACE3F9}
		{27D7DED4-0D2D-4CDD-BCFA-098F4A197EB5} = {C6110BA1-3E6B-48CF-8147-A4FB79ACE3F9}
		{3DBFE66E-1F3C-4A75-9540-89B7F90793FA} = {C6110BA1-3E6B-48CF-8147-A4FB79ACE3F9}
		{30083CB8-645B-4762-88B2-F0EEC5DB760F} = {C6110BA1-3E6B-48CF-8147-A4FB79ACE3F9}
		{32907799-9114-4BBD-AFEB-7A0A360EEBDD} = {C6110BA1-3E6B-48CF-8147-A4FB79ACE3F9}
		{12908EE4-E425-4837-89E8-7FBD22620CE7} = {B77F16A1-562D-47B0-A0E6-C2253ACA2397}
		{1AB5C54F-D496-4FE5-88AA-50A23FF7FD14} = {27D7DED4-0D2D-4CDD-BCFA-098F4A197EB5}
	EndGlobalSection
	GlobalSection(ExtensibilityGlobals) = postSolution
		SolutionGuid = {C40475CA-E6E3-4EBA-B47F-4913140E7E86}
	EndGlobalSection
EndGlobal
